
Microsoft Visual Studio Solution File, Format Version 12.00
# Visual Studio Version 17
VisualStudioVersion = 17.6.33723.286
MinimumVisualStudioVersion = 10.0.40219.1
Project("{8BC9CEB8-8B4A-11D0-8D11-00A0C91BC942}") = "Cellestial Mechanics Simulation", "Cellestial Mechanics Simulation\Cellestial Mechanics Simulation.vcxproj", "{C9A319C4-0DA4-4C35-8006-34CE4BD5410E}"
EndProject
Global
	GlobalSection(SolutionConfigurationPlatforms) = preSolution
		Debug|x64 = Debug|x64
		Debug|x86 = Debug|x86
		Release|x64 = Release|x64
		Release|x86 = Release|x86
	EndGlobalSection
	GlobalSection(ProjectConfigurationPlatforms) = postSolution
		{C9A319C4-0DA4-4C35-8006-34CE4BD5410E}.Debug|x64.ActiveCfg = Debug|x64
		{C9A319C4-0DA4-4C35-8006-34CE4BD5410E}.Debug|x64.Build.0 = Debug|x64
		{C9A319C4-0DA4-4C35-8006-34CE4BD5410E}.Debug|x86.ActiveCfg = Debug|Win32
		{C9A319C4-0DA4-4C35-8006-34CE4BD5410E}.Debug|x86.Build.0 = Debug|Win32
		{C9A319C4-0DA4-4C35-8006-34CE4BD5410E}.Release|x64.ActiveCfg = Release|x64
		{C9A319C4-0DA4-4C35-8006-34CE4BD5410E}.Release|x64.Build.0 = Release|x64
		{C9A319C4-0DA4-4C35-8006-34CE4BD5410E}.Release|x86.ActiveCfg = Release|Win32
		{C9A319C4-0DA4-4C35-8006-34CE4BD5410E}.Release|x86.Build.0 = Release|Win32
	EndGlobalSection
	GlobalSection(SolutionProperties) = preSolution
		HideSolutionNode = FALSE
	EndGlobalSection
	GlobalSection(ExtensibilityGlobals) = postSolution
		SolutionGuid = {2F681CFB-5F2A-4BDB-9892-AB49F76B569C}
	EndGlobalSection
EndGlobal
